# This file was autogenerated by Stack.
# You should not edit this file by hand.
# For more information, please see the documentation at:
#   https://docs.haskellstack.org/en/stable/lock_files

packages:
- completed:
    hackage: HaskellForMaths-0.4.9@sha256:96f682ccc369ca71538d49ab6a91a085a7d35e39e29ccc8b0f2ee878c1887b91,4342
    pantry-tree:
      size: 6674
      sha256: cc3b461a071fdcccf72c409d2f884fabe7ca283276f53c77bf11598ef6462d6d
  original:
    hackage: HaskellForMaths-0.4.9
snapshots:
- completed:
    size: 491372
    url: https://raw.githubusercontent.com/commercialhaskell/stackage-snapshots/master/lts/15/2.yaml
    sha256: a98d091d911606d0d8adccbeb811b81bbd8cc2d888f99ef9e273350e8e9692a8
  original: lts-15.2
